
Microsoft Visual Studio Solution File, Format Version 12.00
# Visual Studio Version 16
VisualStudioVersion = 16.0.31515.178
MinimumVisualStudioVersion = 10.0.40219.1
Project("{8BC9CEB8-8B4A-11D0-8D11-00A0C91BC942}") = "MySFML", "MySFML\MySFML.vcxproj", "{579AF715-5E50-4028-94D5-A634003A30F9}"
EndProject
Global
	GlobalSection(SolutionConfigurationPlatforms) = preSolution
		Debug|x64 = Debug|x64
		Debug|x86 = Debug|x86
		Release|x64 = Release|x64
		Release|x86 = Release|x86
	EndGlobalSection
	GlobalSection(ProjectConfigurationPlatforms) = postSolution
		{579AF715-5E50-4028-94D5-A634003A30F9}.Debug|x64.ActiveCfg = Debug|x64
		{579AF715-5E50-4028-94D5-A634003A30F9}.Debug|x64.Build.0 = Debug|x64
		{579AF715-5E50-4028-94D5-A634003A30F9}.Debug|x86.ActiveCfg = Debug|Win32
		{579AF715-5E50-4028-94D5-A634003A30F9}.Debug|x86.Build.0 = Debug|Win32
		{579AF715-5E50-4028-94D5-A634003A30F9}.Release|x64.ActiveCfg = Release|x64
		{579AF715-5E50-4028-94D5-A634003A30F9}.Release|x64.Build.0 = Release|x64
		{579AF715-5E50-4028-94D5-A634003A30F9}.Release|x86.ActiveCfg = Release|Win32
		{579AF715-5E50-4028-94D5-A634003A30F9}.Release|x86.Build.0 = Release|Win32
	EndGlobalSection
	GlobalSection(SolutionProperties) = preSolution
		HideSolutionNode = FALSE
	EndGlobalSection
	GlobalSection(ExtensibilityGlobals) = postSolution
		SolutionGuid = {9A6EBF2B-9C40-400C-ABD7-AC9BA0A45593}
	EndGlobalSection
EndGlobal
